{
    "_meta": {
        "hash": {
            "sha256": "d3db537977d205dc893a712952022db0eb6ff6e8ede47dbaf699059570b3a6f6"
        },
        "pipfile-spec": 6,
        "requires": {
            "python_version": "3.9"
        },
        "sources": [
            {
                "name": "pypi",
                "url": "https://pypi.org/simple",
                "verify_ssl": true
            }
        ]
    },
    "default": {
        "peewee": {
            "hashes": [
                "sha256:1800c0a04962ee99d161c07f5a12fc49549caf5cfcda426a9103e34e37f854ba"
            ],
            "index": "pypi",
            "version": "==3.16.0"
        }
    },
    "develop": {}
}
